
Microsoft Visual Studio Solution File, Format Version 12.00
# Visual Studio Version 16
VisualStudioVersion = 16.0.29318.209
MinimumVisualStudioVersion = 10.0.40219.1
Project("{FAE04EC0-301F-11D3-BF4B-00C04F79EFBC}") = "SEW", "SEW.csproj", "{F1D1921B-0301-421A-A424-47FBFDA9F863}"
EndProject
Global
	GlobalSection(SolutionConfigurationPlatforms) = preSolution
		Debug|Any CPU = Debug|Any CPU
		Release|Any CPU = Release|Any CPU
	EndGlobalSection
	GlobalSection(ProjectConfigurationPlatforms) = postSolution
		{F1D1921B-0301-421A-A424-47FBFDA9F863}.Debug|Any CPU.ActiveCfg = Debug|Any CPU
		{F1D1921B-0301-421A-A424-47FBFDA9F863}.Debug|Any CPU.Build.0 = Debug|Any CPU
		{F1D1921B-0301-421A-A424-47FBFDA9F863}.Release|Any CPU.ActiveCfg = Release|Any CPU
		{F1D1921B-0301-421A-A424-47FBFDA9F863}.Release|Any CPU.Build.0 = Release|Any CPU
	EndGlobalSection
	GlobalSection(SolutionProperties) = preSolution
		HideSolutionNode = FALSE
	EndGlobalSection
	GlobalSection(ExtensibilityGlobals) = postSolution
		SolutionGuid = {8491FB15-8BEB-4D18-99E6-A3504C4AFDC2}
	EndGlobalSection
EndGlobal
